
Microsoft Visual Studio Solution File, Format Version 12.00
# Visual Studio Version 16
VisualStudioVersion = 16.0.29911.84
MinimumVisualStudioVersion = 10.0.40219.1
Project("{9A19103F-16F7-4668-BE54-9A1E7A4F7556}") = "EmployeeMangementSystem", "EmployeeMangementSystem.csproj", "{128FABC2-B931-42A7-82F1-EECA325A2D71}"
EndProject
Project("{9A19103F-16F7-4668-BE54-9A1E7A4F7556}") = "Model", "..\Model\Model.csproj", "{2F091345-A21F-42A8-BCA7-0958EC52B2EC}"
EndProject
Project("{9A19103F-16F7-4668-BE54-9A1E7A4F7556}") = "Repository", "..\Repository\Repository.csproj", "{B1E29890-38FC-4D1C-B7E8-6EC7A902FAC0}"
EndProject
Project("{9A19103F-16F7-4668-BE54-9A1E7A4F7556}") = "Manager", "..\Manager\Manager.csproj", "{BAA058EE-F7CD-490C-826D-87EFA22F0EB1}"
EndProject
Global
	GlobalSection(SolutionConfigurationPlatforms) = preSolution
		Debug|Any CPU = Debug|Any CPU
		Release|Any CPU = Release|Any CPU
	EndGlobalSection
	GlobalSection(ProjectConfigurationPlatforms) = postSolution
		{128FABC2-B931-42A7-82F1-EECA325A2D71}.Debug|Any CPU.ActiveCfg = Debug|Any CPU
		{128FABC2-B931-42A7-82F1-EECA325A2D71}.Debug|Any CPU.Build.0 = Debug|Any CPU
		{128FABC2-B931-42A7-82F1-EECA325A2D71}.Release|Any CPU.ActiveCfg = Release|Any CPU
		{128FABC2-B931-42A7-82F1-EECA325A2D71}.Release|Any CPU.Build.0 = Release|Any CPU
		{2F091345-A21F-42A8-BCA7-0958EC52B2EC}.Debug|Any CPU.ActiveCfg = Debug|Any CPU
		{2F091345-A21F-42A8-BCA7-0958EC52B2EC}.Debug|Any CPU.Build.0 = Debug|Any CPU
		{2F091345-A21F-42A8-BCA7-0958EC52B2EC}.Release|Any CPU.ActiveCfg = Release|Any CPU
		{2F091345-A21F-42A8-BCA7-0958EC52B2EC}.Release|Any CPU.Build.0 = Release|Any CPU
		{B1E29890-38FC-4D1C-B7E8-6EC7A902FAC0}.Debug|Any CPU.ActiveCfg = Debug|Any CPU
		{B1E29890-38FC-4D1C-B7E8-6EC7A902FAC0}.Debug|Any CPU.Build.0 = Debug|Any CPU
		{B1E29890-38FC-4D1C-B7E8-6EC7A902FAC0}.Release|Any CPU.ActiveCfg = Release|Any CPU
		{B1E29890-38FC-4D1C-B7E8-6EC7A902FAC0}.Release|Any CPU.Build.0 = Release|Any CPU
		{BAA058EE-F7CD-490C-826D-87EFA22F0EB1}.Debug|Any CPU.ActiveCfg = Debug|Any CPU
		{BAA058EE-F7CD-490C-826D-87EFA22F0EB1}.Debug|Any CPU.Build.0 = Debug|Any CPU
		{BAA058EE-F7CD-490C-826D-87EFA22F0EB1}.Release|Any CPU.ActiveCfg = Release|Any CPU
		{BAA058EE-F7CD-490C-826D-87EFA22F0EB1}.Release|Any CPU.Build.0 = Release|Any CPU
	EndGlobalSection
	GlobalSection(SolutionProperties) = preSolution
		HideSolutionNode = FALSE
	EndGlobalSection
	GlobalSection(ExtensibilityGlobals) = postSolution
		SolutionGuid = {C30BFC53-6CB6-47D8-9EB6-7CCB53D40E57}
	EndGlobalSection
EndGlobal
